
Microsoft Visual Studio Solution File, Format Version 12.00
# Visual Studio 15
VisualStudioVersion = 15.0.28307.271
MinimumVisualStudioVersion = 10.0.40219.1
Project("{FAE04EC0-301F-11D3-BF4B-00C04F79EFBC}") = "Federation", "Federation\Federation.csproj", "{DB75C73F-563C-4213-9AEF-05A9938C848C}"
EndProject
Global
	GlobalSection(SolutionConfigurationPlatforms) = preSolution
		Debug|Any CPU = Debug|Any CPU
		Release|Any CPU = Release|Any CPU
	EndGlobalSection
	GlobalSection(ProjectConfigurationPlatforms) = postSolution
		{DB75C73F-563C-4213-9AEF-05A9938C848C}.Debug|Any CPU.ActiveCfg = Debug|Any CPU
		{DB75C73F-563C-4213-9AEF-05A9938C848C}.Debug|Any CPU.Build.0 = Debug|Any CPU
		{DB75C73F-563C-4213-9AEF-05A9938C848C}.Release|Any CPU.ActiveCfg = Release|Any CPU
		{DB75C73F-563C-4213-9AEF-05A9938C848C}.Release|Any CPU.Build.0 = Release|Any CPU
	EndGlobalSection
	GlobalSection(SolutionProperties) = preSolution
		HideSolutionNode = FALSE
	EndGlobalSection
	GlobalSection(ExtensibilityGlobals) = postSolution
		SolutionGuid = {B9254648-91FD-4D77-895F-14CBE63F7F98}
	EndGlobalSection
EndGlobal
